// !$*UTF8*$!
{
	archiveVersion = 1;
	classes = {
	};
	objectVersion = 46;
	objects = {

/* Begin PBXBuildFile section */
		0B0F889E25378275DAE210CB /* libPods-Grocery Store ClientTests.a in Frameworks */ = {isa = PBXBuildFile; fileRef = A3119F35B7A1513E75CDB281 /* libPods-Grocery Store ClientTests.a */; };
		1C21794D5AF9AD834AA187F3 /* libPods-Grocery Store ClientUITests.a in Frameworks */ = {isa = PBXBuildFile; fileRef = 6CCBAA9354F4B939AFD797F0 /* libPods-Grocery Store ClientUITests.a */; };
		8400D7851B385DBC00BDC306 /* Product.m in Sources */ = {isa = PBXBuildFile; fileRef = 8400D7841B385DBC00BDC306 /* Product.m */; };
		8400D7941B388DED00BDC306 /* GRSNetworkAPIUtility.m in Sources */ = {isa = PBXBuildFile; fileRef = 8400D7931B388DED00BDC306 /* GRSNetworkAPIUtility.m */; };
		8400D7971B38A2DF00BDC306 /* Product+API_Interaction.m in Sources */ = {isa = PBXBuildFile; fileRef = 8400D7961B38A2DF00BDC306 /* Product+API_Interaction.m */; };
		8400D79A1B38AE8000BDC306 /* GRSSyncUtility.m in Sources */ = {isa = PBXBuildFile; fileRef = 8400D7991B38AE8000BDC306 /* GRSSyncUtility.m */; };
		840F0E411B39A76D006181C6 /* Product+GRSFindOrCreateNew.m in Sources */ = {isa = PBXBuildFile; fileRef = 840F0E401B39A76D006181C6 /* Product+GRSFindOrCreateNew.m */; };
		840F0E441B39AC4F006181C6 /* GRSInventoryFetchedResultsDataSource.m in Sources */ = {isa = PBXBuildFile; fileRef = 840F0E431B39AC4F006181C6 /* GRSInventoryFetchedResultsDataSource.m */; };
		842CDD401B34B0FB00BA1097 /* GRSInventoryListViewController.m in Sources */ = {isa = PBXBuildFile; fileRef = 842CDD3F1B34B0FB00BA1097 /* GRSInventoryListViewController.m */; };
		842CDD431B34B8B900BA1097 /* GRSInventoryDetailViewController.m in Sources */ = {isa = PBXBuildFile; fileRef = 842CDD421B34B8B900BA1097 /* GRSInventoryDetailViewController.m */; };
		8442B1941B33712100148B8B /* main.m in Sources */ = {isa = PBXBuildFile; fileRef = 8442B1931B33712100148B8B /* main.m */; };
		8442B1971B33712100148B8B /* AppDelegate.m in Sources */ = {isa = PBXBuildFile; fileRef = 8442B1961B33712100148B8B /* AppDelegate.m */; };
		8442B1A31B33712100148B8B /* remove-key.sh in Resources */ = {isa = PBXBuildFile; fileRef = 8442B1A21B33712100148B8B /* remove-key.sh */; };
		8442B1BB1B33712100148B8B /* Grocery_Store_Client.xcdatamodeld in Sources */ = {isa = PBXBuildFile; fileRef = 8442B1B91B33712100148B8B /* Grocery_Store_Client.xcdatamodeld */; };
		8442B1BE1B33712100148B8B /* GRSCoreDataUtility.m in Sources */ = {isa = PBXBuildFile; fileRef = 8442B1BD1B33712100148B8B /* GRSCoreDataUtility.m */; };
		8442B1C11B33712100148B8B /* Main.storyboard in Resources */ = {isa = PBXBuildFile; fileRef = 8442B1BF1B33712100148B8B /* Main.storyboard */; };
		8442B1C31B33712100148B8B /* Images.xcassets in Resources */ = {isa = PBXBuildFile; fileRef = 8442B1C21B33712100148B8B /* Images.xcassets */; };
		8442B1C61B33712100148B8B /* LaunchScreen.xib in Resources */ = {isa = PBXBuildFile; fileRef = 8442B1C41B33712100148B8B /* LaunchScreen.xib */; };
		8442B1D21B33712100148B8B /* Grocery_Store_ClientTests.m in Sources */ = {isa = PBXBuildFile; fileRef = 8442B1D11B33712100148B8B /* Grocery_Store_ClientTests.m */; };
		8442B1DE1B33712100148B8B /* Grocery_Store_ClientUITests.m in Sources */ = {isa = PBXBuildFile; fileRef = 8442B1DD1B33712100148B8B /* Grocery_Store_ClientUITests.m */; };
		84AB22781B3AFB3D00E596E2 /* GRSHTTPSessionManager+MockData.m in Sources */ = {isa = PBXBuildFile; fileRef = 8442B1B71B33712100148B8B /* GRSHTTPSessionManager+MockData.m */; };
		84AB227A1B3AFC7E00E596E2 /* VOKMockData in Resources */ = {isa = PBXBuildFile; fileRef = 84AB22791B3AFC7E00E596E2 /* VOKMockData */; };
		84AB227D1B3B3D0400E596E2 /* GRSShoppingCart.m in Sources */ = {isa = PBXBuildFile; fileRef = 84AB227C1B3B3D0400E596E2 /* GRSShoppingCart.m */; };
		84AB22801B3B4B1900E596E2 /* GRSShoppingCartViewController.m in Sources */ = {isa = PBXBuildFile; fileRef = 84AB227F1B3B4B1900E596E2 /* GRSShoppingCartViewController.m */; };
		84F900C81B3A010C002B0F6D /* UIAlertController+Convenience.m in Sources */ = {isa = PBXBuildFile; fileRef = 84F900C71B3A010C002B0F6D /* UIAlertController+Convenience.m */; };
		84F900CB1B3A07E5002B0F6D /* GRSHTTPSessionManager.m in Sources */ = {isa = PBXBuildFile; fileRef = 84F900CA1B3A07E5002B0F6D /* GRSHTTPSessionManager.m */; };
		C2456DA3A65FB4A5ADD3B157 /* libPods.a in Frameworks */ = {isa = PBXBuildFile; fileRef = E2B2EB23698DC7013FF5AF07 /* libPods.a */; };
/* End PBXBuildFile section */

/* Begin PBXContainerItemProxy section */
		8442B1CC1B33712100148B8B /* PBXContainerItemProxy */ = {
			isa = PBXContainerItemProxy;
			containerPortal = 8442B1831B33712100148B8B /* Project object */;
			proxyType = 1;
			remoteGlobalIDString = 8442B18D1B33712100148B8B;
			remoteInfo = "Grocery Store Client";
		};
		8442B1D81B33712100148B8B /* PBXContainerItemProxy */ = {
			isa = PBXContainerItemProxy;
			containerPortal = 8442B1831B33712100148B8B /* Project object */;
			proxyType = 1;
			remoteGlobalIDString = 8442B18D1B33712100148B8B;
			remoteInfo = "Grocery Store Client";
		};
/* End PBXContainerItemProxy section */

/* Begin PBXFileReference section */
		17FB985FF00BB3E911644DDD /* Pods.debug.xcconfig */ = {isa = PBXFileReference; includeInIndex = 1; lastKnownFileType = text.xcconfig; name = Pods.debug.xcconfig; path = "Pods/Target Support Files/Pods/Pods.debug.xcconfig"; sourceTree = "<group>"; };
		2FB7A672E052B54CEB5BD79E /* Pods.release.xcconfig */ = {isa = PBXFileReference; includeInIndex = 1; lastKnownFileType = text.xcconfig; name = Pods.release.xcconfig; path = "Pods/Target Support Files/Pods/Pods.release.xcconfig"; sourceTree = "<group>"; };
		5151A7052E71152B91906DB2 /* Pods-Grocery Store ClientUITests.release.xcconfig */ = {isa = PBXFileReference; includeInIndex = 1; lastKnownFileType = text.xcconfig; name = "Pods-Grocery Store ClientUITests.release.xcconfig"; path = "Pods/Target Support Files/Pods-Grocery Store ClientUITests/Pods-Grocery Store ClientUITests.release.xcconfig"; sourceTree = "<group>"; };
		6CCBAA9354F4B939AFD797F0 /* libPods-Grocery Store ClientUITests.a */ = {isa = PBXFileReference; explicitFileType = archive.ar; includeInIndex = 0; path = "libPods-Grocery Store ClientUITests.a"; sourceTree = BUILT_PRODUCTS_DIR; };
		8400D7831B385DBC00BDC306 /* Product.h */ = {isa = PBXFileReference; fileEncoding = 4; lastKnownFileType = sourcecode.c.h; name = Product.h; path = CoreDataAndModels/Product.h; sourceTree = "<group>"; };
		8400D7841B385DBC00BDC306 /* Product.m */ = {isa = PBXFileReference; fileEncoding = 4; lastKnownFileType = sourcecode.c.objc; name = Product.m; path = CoreDataAndModels/Product.m; sourceTree = "<group>"; };
		8400D7921B388DED00BDC306 /* GRSNetworkAPIUtility.h */ = {isa = PBXFileReference; fileEncoding = 4; lastKnownFileType = sourcecode.c.h; name = GRSNetworkAPIUtility.h; path = Utilities/GRSNetworkAPIUtility.h; sourceTree = "<group>"; };
		8400D7931B388DED00BDC306 /* GRSNetworkAPIUtility.m */ = {isa = PBXFileReference; fileEncoding = 4; lastKnownFileType = sourcecode.c.objc; name = GRSNetworkAPIUtility.m; path = Utilities/GRSNetworkAPIUtility.m; sourceTree = "<group>"; };
		8400D7951B38A2DF00BDC306 /* Product+API_Interaction.h */ = {isa = PBXFileReference; fileEncoding = 4; lastKnownFileType = sourcecode.c.h; path = "Product+API_Interaction.h"; sourceTree = "<group>"; };
		8400D7961B38A2DF00BDC306 /* Product+API_Interaction.m */ = {isa = PBXFileReference; fileEncoding = 4; lastKnownFileType = sourcecode.c.objc; path = "Product+API_Interaction.m"; sourceTree = "<group>"; };
		8400D7981B38AE8000BDC306 /* GRSSyncUtility.h */ = {isa = PBXFileReference; fileEncoding = 4; lastKnownFileType = sourcecode.c.h; name = GRSSyncUtility.h; path = Utilities/GRSSyncUtility.h; sourceTree = "<group>"; };
		8400D7991B38AE8000BDC306 /* GRSSyncUtility.m */ = {isa = PBXFileReference; fileEncoding = 4; lastKnownFileType = sourcecode.c.objc; name = GRSSyncUtility.m; path = Utilities/GRSSyncUtility.m; sourceTree = "<group>"; };
		840F0E3F1B39A76D006181C6 /* Product+GRSFindOrCreateNew.h */ = {isa = PBXFileReference; fileEncoding = 4; lastKnownFileType = sourcecode.c.h; name = "Product+GRSFindOrCreateNew.h"; path = "CoreDataAndModels/Product+GRSFindOrCreateNew.h"; sourceTree = "<group>"; };
		840F0E401B39A76D006181C6 /* Product+GRSFindOrCreateNew.m */ = {isa = PBXFileReference; fileEncoding = 4; lastKnownFileType = sourcecode.c.objc; name = "Product+GRSFindOrCreateNew.m"; path = "CoreDataAndModels/Product+GRSFindOrCreateNew.m"; sourceTree = "<group>"; };
		840F0E421B39AC4F006181C6 /* GRSInventoryFetchedResultsDataSource.h */ = {isa = PBXFileReference; fileEncoding = 4; lastKnownFileType = sourcecode.c.h; path = GRSInventoryFetchedResultsDataSource.h; sourceTree = "<group>"; };
		840F0E431B39AC4F006181C6 /* GRSInventoryFetchedResultsDataSource.m */ = {isa = PBXFileReference; fileEncoding = 4; lastKnownFileType = sourcecode.c.objc; path = GRSInventoryFetchedResultsDataSource.m; sourceTree = "<group>"; };
		842CDD3E1B34B0FB00BA1097 /* GRSInventoryListViewController.h */ = {isa = PBXFileReference; fileEncoding = 4; lastKnownFileType = sourcecode.c.h; path = GRSInventoryListViewController.h; sourceTree = "<group>"; };
		842CDD3F1B34B0FB00BA1097 /* GRSInventoryListViewController.m */ = {isa = PBXFileReference; fileEncoding = 4; lastKnownFileType = sourcecode.c.objc; path = GRSInventoryListViewController.m; sourceTree = "<group>"; };
		842CDD411B34B8B900BA1097 /* GRSInventoryDetailViewController.h */ = {isa = PBXFileReference; fileEncoding = 4; lastKnownFileType = sourcecode.c.h; path = GRSInventoryDetailViewController.h; sourceTree = "<group>"; };
		842CDD421B34B8B900BA1097 /* GRSInventoryDetailViewController.m */ = {isa = PBXFileReference; fileEncoding = 4; lastKnownFileType = sourcecode.c.objc; path = GRSInventoryDetailViewController.m; sourceTree = "<group>"; };
		8442B18E1B33712100148B8B /* Grocery Store Client.app */ = {isa = PBXFileReference; explicitFileType = wrapper.application; includeInIndex = 0; path = "Grocery Store Client.app"; sourceTree = BUILT_PRODUCTS_DIR; };
		8442B1921B33712100148B8B /* Info.plist */ = {isa = PBXFileReference; lastKnownFileType = text.plist.xml; path = Info.plist; sourceTree = "<group>"; };
		8442B1931B33712100148B8B /* main.m */ = {isa = PBXFileReference; lastKnownFileType = sourcecode.c.objc; path = main.m; sourceTree = "<group>"; };
		8442B1951B33712100148B8B /* AppDelegate.h */ = {isa = PBXFileReference; lastKnownFileType = sourcecode.c.h; path = AppDelegate.h; sourceTree = "<group>"; };
		8442B1961B33712100148B8B /* AppDelegate.m */ = {isa = PBXFileReference; lastKnownFileType = sourcecode.c.objc; path = AppDelegate.m; sourceTree = "<group>"; };
		8442B1991B33712100148B8B /* .gitignore */ = {isa = PBXFileReference; lastKnownFileType = text; name = .gitignore; path = ../.gitignore; sourceTree = "<group>"; };
		8442B19A1B33712100148B8B /* .travis.yml */ = {isa = PBXFileReference; lastKnownFileType = text; name = .travis.yml; path = ../.travis.yml; sourceTree = "<group>"; };
		8442B19B1B33712100148B8B /* README.md */ = {isa = PBXFileReference; lastKnownFileType = net.daringfireball.markdown; name = README.md; path = ../README.md; sourceTree = "<group>"; };
		8442B19D1B33712100148B8B /* add-key.sh */ = {isa = PBXFileReference; lastKnownFileType = text.script.sh; path = "add-key.sh"; sourceTree = "<group>"; };
		8442B19E1B33712100148B8B /* Apple Worldwide Developer Relations Certification Authority.cer */ = {isa = PBXFileReference; lastKnownFileType = file; path = "Apple Worldwide Developer Relations Certification Authority.cer"; sourceTree = "<group>"; };
		8442B19F1B33712100148B8B /* build.sh */ = {isa = PBXFileReference; lastKnownFileType = text.script.sh; path = build.sh; sourceTree = "<group>"; };
		8442B1A01B33712100148B8B /* codecov.sh */ = {isa = PBXFileReference; lastKnownFileType = text.script.sh; path = codecov.sh; sourceTree = "<group>"; };
		8442B1A11B33712100148B8B /* distribute.sh */ = {isa = PBXFileReference; lastKnownFileType = text.script.sh; path = distribute.sh; sourceTree = "<group>"; };
		8442B1A21B33712100148B8B /* remove-key.sh */ = {isa = PBXFileReference; lastKnownFileType = folder; path = "remove-key.sh"; sourceTree = "<group>"; };
		8442B1A41B33712100148B8B /* Podfile */ = {isa = PBXFileReference; lastKnownFileType = text; name = Podfile; path = ../Podfile; sourceTree = "<group>"; };
		8442B1A51B33712100148B8B /* Gemfile */ = {isa = PBXFileReference; lastKnownFileType = text; name = Gemfile; path = ../Gemfile; sourceTree = "<group>"; };
		8442B1A61B33712100148B8B /* VokalObjCleanStyleSettings.plist */ = {isa = PBXFileReference; lastKnownFileType = text.plist.xml; name = VokalObjCleanStyleSettings.plist; path = ../VokalObjCleanStyleSettings.plist; sourceTree = "<group>"; };
		8442B1AE1B33712100148B8B /* Prefix.pch */ = {isa = PBXFileReference; lastKnownFileType = sourcecode.c.h; path = Prefix.pch; sourceTree = "<group>"; };
		8442B1B61B33712100148B8B /* GRSHTTPSessionManager+MockData.h */ = {isa = PBXFileReference; lastKnownFileType = sourcecode.c.h; path = "GRSHTTPSessionManager+MockData.h"; sourceTree = "<group>"; };
		8442B1B71B33712100148B8B /* GRSHTTPSessionManager+MockData.m */ = {isa = PBXFileReference; lastKnownFileType = sourcecode.c.objc; path = "GRSHTTPSessionManager+MockData.m"; sourceTree = "<group>"; };
		8442B1BA1B33712100148B8B /* Grocery_Store_Client.xcdatamodel */ = {isa = PBXFileReference; lastKnownFileType = wrapper.xcdatamodel; path = Grocery_Store_Client.xcdatamodel; sourceTree = "<group>"; };
		8442B1BC1B33712100148B8B /* GRSCoreDataUtility.h */ = {isa = PBXFileReference; lastKnownFileType = sourcecode.c.h; name = GRSCoreDataUtility.h; path = CoreDataAndModels/GRSCoreDataUtility.h; sourceTree = "<group>"; };
		8442B1BD1B33712100148B8B /* GRSCoreDataUtility.m */ = {isa = PBXFileReference; lastKnownFileType = sourcecode.c.objc; name = GRSCoreDataUtility.m; path = CoreDataAndModels/GRSCoreDataUtility.m; sourceTree = "<group>"; };
		8442B1C01B33712100148B8B /* Base */ = {isa = PBXFileReference; lastKnownFileType = file.storyboard; name = Base; path = Base.lproj/Main.storyboard; sourceTree = "<group>"; };
		8442B1C21B33712100148B8B /* Images.xcassets */ = {isa = PBXFileReference; lastKnownFileType = folder.assetcatalog; path = Images.xcassets; sourceTree = "<group>"; };
		8442B1C51B33712100148B8B /* Base */ = {isa = PBXFileReference; lastKnownFileType = file.xib; name = Base; path = Base.lproj/LaunchScreen.xib; sourceTree = "<group>"; };
		8442B1CB1B33712100148B8B /* Grocery Store ClientTests.xctest */ = {isa = PBXFileReference; explicitFileType = wrapper.cfbundle; includeInIndex = 0; path = "Grocery Store ClientTests.xctest"; sourceTree = BUILT_PRODUCTS_DIR; };
		8442B1D01B33712100148B8B /* Info.plist */ = {isa = PBXFileReference; lastKnownFileType = text.plist.xml; path = Info.plist; sourceTree = "<group>"; };
		8442B1D11B33712100148B8B /* Grocery_Store_ClientTests.m */ = {isa = PBXFileReference; lastKnownFileType = sourcecode.c.objc; path = Grocery_Store_ClientTests.m; sourceTree = "<group>"; };
		8442B1D71B33712100148B8B /* Grocery Store ClientUITests.xctest */ = {isa = PBXFileReference; explicitFileType = wrapper.cfbundle; includeInIndex = 0; path = "Grocery Store ClientUITests.xctest"; sourceTree = BUILT_PRODUCTS_DIR; };
		8442B1DC1B33712100148B8B /* Info.plist */ = {isa = PBXFileReference; lastKnownFileType = text.plist.xml; path = Info.plist; sourceTree = "<group>"; };
		8442B1DD1B33712100148B8B /* Grocery_Store_ClientUITests.m */ = {isa = PBXFileReference; lastKnownFileType = sourcecode.c.objc; path = Grocery_Store_ClientUITests.m; sourceTree = "<group>"; };
		84AB22791B3AFC7E00E596E2 /* VOKMockData */ = {isa = PBXFileReference; lastKnownFileType = folder; path = VOKMockData; sourceTree = SOURCE_ROOT; };
		84AB227B1B3B3D0400E596E2 /* GRSShoppingCart.h */ = {isa = PBXFileReference; fileEncoding = 4; lastKnownFileType = sourcecode.c.h; path = GRSShoppingCart.h; sourceTree = "<group>"; };
		84AB227C1B3B3D0400E596E2 /* GRSShoppingCart.m */ = {isa = PBXFileReference; fileEncoding = 4; lastKnownFileType = sourcecode.c.objc; path = GRSShoppingCart.m; sourceTree = "<group>"; };
		84AB227E1B3B4B1900E596E2 /* GRSShoppingCartViewController.h */ = {isa = PBXFileReference; fileEncoding = 4; lastKnownFileType = sourcecode.c.h; path = GRSShoppingCartViewController.h; sourceTree = "<group>"; };
		84AB227F1B3B4B1900E596E2 /* GRSShoppingCartViewController.m */ = {isa = PBXFileReference; fileEncoding = 4; lastKnownFileType = sourcecode.c.objc; path = GRSShoppingCartViewController.m; sourceTree = "<group>"; };
		84F900C61B3A010C002B0F6D /* UIAlertController+Convenience.h */ = {isa = PBXFileReference; fileEncoding = 4; lastKnownFileType = sourcecode.c.h; path = "UIAlertController+Convenience.h"; sourceTree = "<group>"; };
		84F900C71B3A010C002B0F6D /* UIAlertController+Convenience.m */ = {isa = PBXFileReference; fileEncoding = 4; lastKnownFileType = sourcecode.c.objc; path = "UIAlertController+Convenience.m"; sourceTree = "<group>"; };
		84F900C91B3A07E5002B0F6D /* GRSHTTPSessionManager.h */ = {isa = PBXFileReference; fileEncoding = 4; lastKnownFileType = sourcecode.c.h; path = GRSHTTPSessionManager.h; sourceTree = "<group>"; };
		84F900CA1B3A07E5002B0F6D /* GRSHTTPSessionManager.m */ = {isa = PBXFileReference; fileEncoding = 4; lastKnownFileType = sourcecode.c.objc; path = GRSHTTPSessionManager.m; sourceTree = "<group>"; };
		9983F69C2E77FDB73E05B371 /* Pods-Grocery Store ClientTests.debug.xcconfig */ = {isa = PBXFileReference; includeInIndex = 1; lastKnownFileType = text.xcconfig; name = "Pods-Grocery Store ClientTests.debug.xcconfig"; path = "Pods/Target Support Files/Pods-Grocery Store ClientTests/Pods-Grocery Store ClientTests.debug.xcconfig"; sourceTree = "<group>"; };
		A3119F35B7A1513E75CDB281 /* libPods-Grocery Store ClientTests.a */ = {isa = PBXFileReference; explicitFileType = archive.ar; includeInIndex = 0; path = "libPods-Grocery Store ClientTests.a"; sourceTree = BUILT_PRODUCTS_DIR; };
		C29C4002BDC01B35F35EDA57 /* Pods-Grocery Store ClientUITests.debug.xcconfig */ = {isa = PBXFileReference; includeInIndex = 1; lastKnownFileType = text.xcconfig; name = "Pods-Grocery Store ClientUITests.debug.xcconfig"; path = "Pods/Target Support Files/Pods-Grocery Store ClientUITests/Pods-Grocery Store ClientUITests.debug.xcconfig"; sourceTree = "<group>"; };
		D745661F36634ECB96317FFC /* Pods-Grocery Store ClientTests.release.xcconfig */ = {isa = PBXFileReference; includeInIndex = 1; lastKnownFileType = text.xcconfig; name = "Pods-Grocery Store ClientTests.release.xcconfig"; path = "Pods/Target Support Files/Pods-Grocery Store ClientTests/Pods-Grocery Store ClientTests.release.xcconfig"; sourceTree = "<group>"; };
		E2B2EB23698DC7013FF5AF07 /* libPods.a */ = {isa = PBXFileReference; explicitFileType = archive.ar; includeInIndex = 0; path = libPods.a; sourceTree = BUILT_PRODUCTS_DIR; };
/* End PBXFileReference section */

/* Begin PBXFrameworksBuildPhase section */
		8442B1881B33712100148B8B /* Frameworks */ = {
			isa = PBXFrameworksBuildPhase;
			buildActionMask = 2147483647;
			files = (
				C2456DA3A65FB4A5ADD3B157 /* libPods.a in Frameworks */,
			);
			runOnlyForDeploymentPostprocessing = 0;
		};
		8442B1C81B33712100148B8B /* Frameworks */ = {
			isa = PBXFrameworksBuildPhase;
			buildActionMask = 2147483647;
			files = (
				0B0F889E25378275DAE210CB /* libPods-Grocery Store ClientTests.a in Frameworks */,
			);
			runOnlyForDeploymentPostprocessing = 0;
		};
		8442B1D41B33712100148B8B /* Frameworks */ = {
			isa = PBXFrameworksBuildPhase;
			buildActionMask = 2147483647;
			files = (
				1C21794D5AF9AD834AA187F3 /* libPods-Grocery Store ClientUITests.a in Frameworks */,
			);
			runOnlyForDeploymentPostprocessing = 0;
		};
/* End PBXFrameworksBuildPhase section */

/* Begin PBXGroup section */
		8442B1821B33712100148B8B = {
			isa = PBXGroup;
			children = (
				8442B1901B33712100148B8B /* Grocery Store Client */,
				8442B1CE1B33712100148B8B /* Grocery Store ClientTests */,
				8442B1DA1B33712100148B8B /* Grocery Store ClientUITests */,
				8442B18F1B33712100148B8B /* Products */,
				A912DB7FB8BF823C62852757 /* Pods */,
				DC4756AB08A3BB0B0F9EB004 /* Frameworks */,
			);
			sourceTree = "<group>";
		};
		8442B18F1B33712100148B8B /* Products */ = {
			isa = PBXGroup;
			children = (
				8442B18E1B33712100148B8B /* Grocery Store Client.app */,
				8442B1CB1B33712100148B8B /* Grocery Store ClientTests.xctest */,
				8442B1D71B33712100148B8B /* Grocery Store ClientUITests.xctest */,
			);
			name = Products;
			sourceTree = "<group>";
		};
		8442B1901B33712100148B8B /* Grocery Store Client */ = {
			isa = PBXGroup;
			children = (
				8442B1931B33712100148B8B /* main.m */,
				8442B1951B33712100148B8B /* AppDelegate.h */,
				8442B1961B33712100148B8B /* AppDelegate.m */,
				8442B1BF1B33712100148B8B /* Main.storyboard */,
				8442B1C21B33712100148B8B /* Images.xcassets */,
				8442B1C41B33712100148B8B /* LaunchScreen.xib */,
				8442B1AD1B33712100148B8B /* Views */,
				8442B1AC1B33712100148B8B /* View Controllers */,
				8442B1AB1B33712100148B8B /* Controls */,
				8442B1AA1B33712100148B8B /* Data Sources */,
				8442B1A91B33712100148B8B /* Categories */,
				8442B1A81B33712100148B8B /* Resources */,
				8442B1A71B33712100148B8B /* Storyboards */,
				8442B1981B33712100148B8B /* Non-iOS Resources */,
				8442B1AF1B33712100148B8B /* Utilities */,
				8442B1B81B33712100148B8B /* CoreDataAndModels */,
				8442B1911B33712100148B8B /* Supporting Files */,
			);
			path = "Grocery Store Client";
			sourceTree = "<group>";
		};
		8442B1911B33712100148B8B /* Supporting Files */ = {
			isa = PBXGroup;
			children = (
				8442B1921B33712100148B8B /* Info.plist */,
				8442B1A61B33712100148B8B /* VokalObjCleanStyleSettings.plist */,
				8442B1AE1B33712100148B8B /* Prefix.pch */,
			);
			name = "Supporting Files";
			sourceTree = "<group>";
		};
		8442B1981B33712100148B8B /* Non-iOS Resources */ = {
			isa = PBXGroup;
			children = (
				8442B1991B33712100148B8B /* .gitignore */,
				8442B19A1B33712100148B8B /* .travis.yml */,
				8442B19B1B33712100148B8B /* README.md */,
				8442B1A41B33712100148B8B /* Podfile */,
				8442B1A51B33712100148B8B /* Gemfile */,
				8442B19C1B33712100148B8B /* travis */,
			);
			name = "Non-iOS Resources";
			sourceTree = "<group>";
		};
		8442B19C1B33712100148B8B /* travis */ = {
			isa = PBXGroup;
			children = (
				8442B19D1B33712100148B8B /* add-key.sh */,
				8442B19E1B33712100148B8B /* Apple Worldwide Developer Relations Certification Authority.cer */,
				8442B19F1B33712100148B8B /* build.sh */,
				8442B1A01B33712100148B8B /* codecov.sh */,
				8442B1A11B33712100148B8B /* distribute.sh */,
				8442B1A21B33712100148B8B /* remove-key.sh */,
			);
			path = travis;
			sourceTree = SOURCE_ROOT;
		};
		8442B1A71B33712100148B8B /* Storyboards */ = {
			isa = PBXGroup;
			children = (
			);
			path = Storyboards;
			sourceTree = "<group>";
		};
		8442B1A81B33712100148B8B /* Resources */ = {
			isa = PBXGroup;
			children = (
			);
			path = Resources;
			sourceTree = "<group>";
		};
		8442B1A91B33712100148B8B /* Categories */ = {
			isa = PBXGroup;
			children = (
				8442B1B61B33712100148B8B /* GRSHTTPSessionManager+MockData.h */,
				8442B1B71B33712100148B8B /* GRSHTTPSessionManager+MockData.m */,
				8400D7951B38A2DF00BDC306 /* Product+API_Interaction.h */,
				8400D7961B38A2DF00BDC306 /* Product+API_Interaction.m */,
				84F900C61B3A010C002B0F6D /* UIAlertController+Convenience.h */,
				84F900C71B3A010C002B0F6D /* UIAlertController+Convenience.m */,
			);
			path = Categories;
			sourceTree = "<group>";
		};
		8442B1AA1B33712100148B8B /* Data Sources */ = {
			isa = PBXGroup;
			children = (
				840F0E421B39AC4F006181C6 /* GRSInventoryFetchedResultsDataSource.h */,
				840F0E431B39AC4F006181C6 /* GRSInventoryFetchedResultsDataSource.m */,
			);
			path = "Data Sources";
			sourceTree = "<group>";
		};
		8442B1AB1B33712100148B8B /* Controls */ = {
			isa = PBXGroup;
			children = (
				84AB227B1B3B3D0400E596E2 /* GRSShoppingCart.h */,
				84AB227C1B3B3D0400E596E2 /* GRSShoppingCart.m */,
			);
			path = Controls;
			sourceTree = "<group>";
		};
		8442B1AC1B33712100148B8B /* View Controllers */ = {
			isa = PBXGroup;
			children = (
				842CDD3E1B34B0FB00BA1097 /* GRSInventoryListViewController.h */,
				842CDD3F1B34B0FB00BA1097 /* GRSInventoryListViewController.m */,
				842CDD411B34B8B900BA1097 /* GRSInventoryDetailViewController.h */,
				842CDD421B34B8B900BA1097 /* GRSInventoryDetailViewController.m */,
				84AB227E1B3B4B1900E596E2 /* GRSShoppingCartViewController.h */,
				84AB227F1B3B4B1900E596E2 /* GRSShoppingCartViewController.m */,
			);
			path = "View Controllers";
			sourceTree = "<group>";
		};
		8442B1AD1B33712100148B8B /* Views */ = {
			isa = PBXGroup;
			children = (
			);
			path = Views;
			sourceTree = "<group>";
		};
		8442B1AF1B33712100148B8B /* Utilities */ = {
			isa = PBXGroup;
			children = (
				8400D7921B388DED00BDC306 /* GRSNetworkAPIUtility.h */,
				8400D7931B388DED00BDC306 /* GRSNetworkAPIUtility.m */,
				8400D7981B38AE8000BDC306 /* GRSSyncUtility.h */,
				8400D7991B38AE8000BDC306 /* GRSSyncUtility.m */,
				84F900C91B3A07E5002B0F6D /* GRSHTTPSessionManager.h */,
				84F900CA1B3A07E5002B0F6D /* GRSHTTPSessionManager.m */,
			);
			name = Utilities;
			sourceTree = "<group>";
		};
		8442B1B81B33712100148B8B /* CoreDataAndModels */ = {
			isa = PBXGroup;
			children = (
				8400D7831B385DBC00BDC306 /* Product.h */,
				8400D7841B385DBC00BDC306 /* Product.m */,
				840F0E3F1B39A76D006181C6 /* Product+GRSFindOrCreateNew.h */,
				840F0E401B39A76D006181C6 /* Product+GRSFindOrCreateNew.m */,
				8442B1BC1B33712100148B8B /* GRSCoreDataUtility.h */,
				8442B1BD1B33712100148B8B /* GRSCoreDataUtility.m */,
				8442B1B91B33712100148B8B /* Grocery_Store_Client.xcdatamodeld */,
			);
			name = CoreDataAndModels;
			sourceTree = "<group>";
		};
		8442B1CE1B33712100148B8B /* Grocery Store ClientTests */ = {
			isa = PBXGroup;
			children = (
				8442B1D11B33712100148B8B /* Grocery_Store_ClientTests.m */,
				84AB22791B3AFC7E00E596E2 /* VOKMockData */,
				8442B1CF1B33712100148B8B /* Supporting Files */,
			);
			path = "Grocery Store ClientTests";
			sourceTree = "<group>";
		};
		8442B1CF1B33712100148B8B /* Supporting Files */ = {
			isa = PBXGroup;
			children = (
				8442B1D01B33712100148B8B /* Info.plist */,
			);
			name = "Supporting Files";
			sourceTree = "<group>";
		};
		8442B1DA1B33712100148B8B /* Grocery Store ClientUITests */ = {
			isa = PBXGroup;
			children = (
				8442B1DD1B33712100148B8B /* Grocery_Store_ClientUITests.m */,
				8442B1DB1B33712100148B8B /* Supporting Files */,
			);
			path = "Grocery Store ClientUITests";
			sourceTree = "<group>";
		};
		8442B1DB1B33712100148B8B /* Supporting Files */ = {
			isa = PBXGroup;
			children = (
				8442B1DC1B33712100148B8B /* Info.plist */,
			);
			name = "Supporting Files";
			sourceTree = "<group>";
		};
		A912DB7FB8BF823C62852757 /* Pods */ = {
			isa = PBXGroup;
			children = (
				17FB985FF00BB3E911644DDD /* Pods.debug.xcconfig */,
				2FB7A672E052B54CEB5BD79E /* Pods.release.xcconfig */,
				9983F69C2E77FDB73E05B371 /* Pods-Grocery Store ClientTests.debug.xcconfig */,
				D745661F36634ECB96317FFC /* Pods-Grocery Store ClientTests.release.xcconfig */,
				C29C4002BDC01B35F35EDA57 /* Pods-Grocery Store ClientUITests.debug.xcconfig */,
				5151A7052E71152B91906DB2 /* Pods-Grocery Store ClientUITests.release.xcconfig */,
			);
			name = Pods;
			sourceTree = "<group>";
		};
		DC4756AB08A3BB0B0F9EB004 /* Frameworks */ = {
			isa = PBXGroup;
			children = (
				E2B2EB23698DC7013FF5AF07 /* libPods.a */,
				A3119F35B7A1513E75CDB281 /* libPods-Grocery Store ClientTests.a */,
				6CCBAA9354F4B939AFD797F0 /* libPods-Grocery Store ClientUITests.a */,
			);
			name = Frameworks;
			sourceTree = "<group>";
		};
/* End PBXGroup section */

/* Begin PBXNativeTarget section */
		8442B18D1B33712100148B8B /* Grocery Store Client */ = {
			isa = PBXNativeTarget;
			buildConfigurationList = 8442B1E11B33712100148B8B /* Build configuration list for PBXNativeTarget "Grocery Store Client" */;
			buildPhases = (
				7C81049C42250787C34E581C /* Check Pods Manifest.lock */,
				8442B1871B33712100148B8B /* Sources */,
				8442B1881B33712100148B8B /* Frameworks */,
				8442B1891B33712100148B8B /* Resources */,
				8442B18A1B33712100148B8B /* Version Incrementing Run Script */,
				8442B18B1B33712100148B8B /* Objective-Clean Run Script */,
				8442B18C1B33712100148B8B /* Export Env Run Script */,
				FFDE5CD736B1620B4AFF9A4B /* Copy Pods Resources */,
			);
			buildRules = (
			);
			dependencies = (
			);
			name = "Grocery Store Client";
			productName = "Grocery Store Client";
			productReference = 8442B18E1B33712100148B8B /* Grocery Store Client.app */;
			productType = "com.apple.product-type.application";
		};
		8442B1CA1B33712100148B8B /* Grocery Store ClientTests */ = {
			isa = PBXNativeTarget;
			buildConfigurationList = 8442B1E41B33712100148B8B /* Build configuration list for PBXNativeTarget "Grocery Store ClientTests" */;
			buildPhases = (
				9610AED4B92BD1E247DF4535 /* Check Pods Manifest.lock */,
				8442B1C71B33712100148B8B /* Sources */,
				8442B1C81B33712100148B8B /* Frameworks */,
				8442B1C91B33712100148B8B /* Resources */,
				5ED2D22483ED875E793C3793 /* Copy Pods Resources */,
			);
			buildRules = (
			);
			dependencies = (
				8442B1CD1B33712100148B8B /* PBXTargetDependency */,
			);
			name = "Grocery Store ClientTests";
			productName = "Grocery Store ClientTests";
			productReference = 8442B1CB1B33712100148B8B /* Grocery Store ClientTests.xctest */;
			productType = "com.apple.product-type.bundle.unit-test";
		};
		8442B1D61B33712100148B8B /* Grocery Store ClientUITests */ = {
			isa = PBXNativeTarget;
			buildConfigurationList = 8442B1E71B33712100148B8B /* Build configuration list for PBXNativeTarget "Grocery Store ClientUITests" */;
			buildPhases = (
				7335A0E1A22324B9C8DA2D12 /* Check Pods Manifest.lock */,
				8442B1D31B33712100148B8B /* Sources */,
				8442B1D41B33712100148B8B /* Frameworks */,
				8442B1D51B33712100148B8B /* Resources */,
				E36DBA1D26269D4980C6242C /* Copy Pods Resources */,
			);
			buildRules = (
			);
			dependencies = (
				8442B1D91B33712100148B8B /* PBXTargetDependency */,
			);
			name = "Grocery Store ClientUITests";
			productName = "Grocery Store ClientUITests";
			productReference = 8442B1D71B33712100148B8B /* Grocery Store ClientUITests.xctest */;
			productType = "com.apple.product-type.bundle.unit-test";
		};
/* End PBXNativeTarget section */

/* Begin PBXProject section */
		8442B1831B33712100148B8B /* Project object */ = {
			isa = PBXProject;
			attributes = {
				CLASSPREFIX = GRS;
				LastUpgradeCheck = 0630;
				ORGANIZATIONNAME = Vokal;
				TargetAttributes = {
					8442B18D1B33712100148B8B = {
						CreatedOnToolsVersion = 6.3.2;
					};
					8442B1CA1B33712100148B8B = {
						CreatedOnToolsVersion = 6.3.2;
						TestTargetID = 8442B18D1B33712100148B8B;
					};
					8442B1D61B33712100148B8B = {
						CreatedOnToolsVersion = 6.3.2;
						TestTargetID = 8442B18D1B33712100148B8B;
					};
				};
			};
			buildConfigurationList = 8442B1861B33712100148B8B /* Build configuration list for PBXProject "Grocery Store Client" */;
			compatibilityVersion = "Xcode 3.2";
			developmentRegion = English;
			hasScannedForEncodings = 0;
			knownRegions = (
				en,
				Base,
			);
			mainGroup = 8442B1821B33712100148B8B;
			productRefGroup = 8442B18F1B33712100148B8B /* Products */;
			projectDirPath = "";
			projectRoot = "";
			targets = (
				8442B18D1B33712100148B8B /* Grocery Store Client */,
				8442B1CA1B33712100148B8B /* Grocery Store ClientTests */,
				8442B1D61B33712100148B8B /* Grocery Store ClientUITests */,
			);
		};
/* End PBXProject section */

/* Begin PBXResourcesBuildPhase section */
		8442B1891B33712100148B8B /* Resources */ = {
			isa = PBXResourcesBuildPhase;
			buildActionMask = 2147483647;
			files = (
				8442B1C61B33712100148B8B /* LaunchScreen.xib in Resources */,
				8442B1C31B33712100148B8B /* Images.xcassets in Resources */,
				8442B1A31B33712100148B8B /* remove-key.sh in Resources */,
				8442B1C11B33712100148B8B /* Main.storyboard in Resources */,
			);
			runOnlyForDeploymentPostprocessing = 0;
		};
		8442B1C91B33712100148B8B /* Resources */ = {
			isa = PBXResourcesBuildPhase;
			buildActionMask = 2147483647;
			files = (
				84AB227A1B3AFC7E00E596E2 /* VOKMockData in Resources */,
			);
			runOnlyForDeploymentPostprocessing = 0;
		};
		8442B1D51B33712100148B8B /* Resources */ = {
			isa = PBXResourcesBuildPhase;
			buildActionMask = 2147483647;
			files = (
			);
			runOnlyForDeploymentPostprocessing = 0;
		};
/* End PBXResourcesBuildPhase section */

/* Begin PBXShellScriptBuildPhase section */
		5ED2D22483ED875E793C3793 /* Copy Pods Resources */ = {
			isa = PBXShellScriptBuildPhase;
			buildActionMask = 2147483647;
			files = (
			);
			inputPaths = (
			);
			name = "Copy Pods Resources";
			outputPaths = (
			);
			runOnlyForDeploymentPostprocessing = 0;
			shellPath = /bin/sh;
			shellScript = "\"${SRCROOT}/Pods/Target Support Files/Pods-Grocery Store ClientTests/Pods-Grocery Store ClientTests-resources.sh\"\n";
			showEnvVarsInLog = 0;
		};
		7335A0E1A22324B9C8DA2D12 /* Check Pods Manifest.lock */ = {
			isa = PBXShellScriptBuildPhase;
			buildActionMask = 2147483647;
			files = (
			);
			inputPaths = (
			);
			name = "Check Pods Manifest.lock";
			outputPaths = (
			);
			runOnlyForDeploymentPostprocessing = 0;
			shellPath = /bin/sh;
			shellScript = "diff \"${PODS_ROOT}/../Podfile.lock\" \"${PODS_ROOT}/Manifest.lock\" > /dev/null\nif [[ $? != 0 ]] ; then\n    cat << EOM\nerror: The sandbox is not in sync with the Podfile.lock. Run 'pod install' or update your CocoaPods installation.\nEOM\n    exit 1\nfi\n";
			showEnvVarsInLog = 0;
		};
		7C81049C42250787C34E581C /* Check Pods Manifest.lock */ = {
			isa = PBXShellScriptBuildPhase;
			buildActionMask = 2147483647;
			files = (
			);
			inputPaths = (
			);
			name = "Check Pods Manifest.lock";
			outputPaths = (
			);
			runOnlyForDeploymentPostprocessing = 0;
			shellPath = /bin/sh;
			shellScript = "diff \"${PODS_ROOT}/../Podfile.lock\" \"${PODS_ROOT}/Manifest.lock\" > /dev/null\nif [[ $? != 0 ]] ; then\n    cat << EOM\nerror: The sandbox is not in sync with the Podfile.lock. Run 'pod install' or update your CocoaPods installation.\nEOM\n    exit 1\nfi\n";
			showEnvVarsInLog = 0;
		};
		8442B18A1B33712100148B8B /* Version Incrementing Run Script */ = {
			isa = PBXShellScriptBuildPhase;
			buildActionMask = 2147483647;
			files = (
			);
			inputPaths = (
			);
			name = "Version Incrementing Run Script";
			outputPaths = (
			);
			runOnlyForDeploymentPostprocessing = 0;
			shellPath = /bin/sh;
			shellScript = "# Update build number with number of git commits\n\t\t\tbuildNumber=$(git rev-list HEAD --count)\n\t\t\techo \"Updating build number to $buildNumber\"\n\t\t\t/usr/libexec/PlistBuddy -c \"Set :CFBundleVersion $buildNumber\" \"${TARGET_BUILD_DIR}/${INFOPLIST_PATH}\"\n\t\t\t/usr/libexec/PlistBuddy -c \"Set :CFBundleVersion $buildNumber\" \"${DWARF_DSYM_FOLDER_PATH}/${DWARF_DSYM_FILE_NAME}/Contents/Info.plist\"";
		};
		8442B18B1B33712100148B8B /* Objective-Clean Run Script */ = {
			isa = PBXShellScriptBuildPhase;
			buildActionMask = 2147483647;
			files = (
			);
			inputPaths = (
			);
			name = "Objective-Clean Run Script";
			outputPaths = (
			);
			runOnlyForDeploymentPostprocessing = 0;
			shellPath = /bin/bash;
			shellScript = "if [[ ${CI} == 'true' && ${TRAVIS} == 'true' ]]; then\necho \"Objective-Clean will not be executed on Travis\"\nexit 0\nfi\nif [[ -z ${SKIP_OBJCLEAN} || ${SKIP_OBJCLEAN} != 1 ]]; then\nif [[ -d \"${LOCAL_APPS_DIR}/Objective-Clean.app\" ]]; then\n\"${LOCAL_APPS_DIR}\"/Objective-Clean.app/Contents/Resources/ObjClean.app/Contents/MacOS/ObjClean \"${SRCROOT}\"\nelse\necho \"error: You have to install and set up Objective-Clean to use its features!\"\nexit 1\nfi\nfi";
		};
		8442B18C1B33712100148B8B /* Export Env Run Script */ = {
			isa = PBXShellScriptBuildPhase;
			buildActionMask = 2147483647;
			files = (
			);
			inputPaths = (
			);
			name = "Export Env Run Script";
			outputPaths = (
			);
			runOnlyForDeploymentPostprocessing = 0;
			shellPath = /bin/sh;
			shellScript = Pods/XcodeCoverage/exportenv.sh;
		};
		9610AED4B92BD1E247DF4535 /* Check Pods Manifest.lock */ = {
			isa = PBXShellScriptBuildPhase;
			buildActionMask = 2147483647;
			files = (
			);
			inputPaths = (
			);
			name = "Check Pods Manifest.lock";
			outputPaths = (
			);
			runOnlyForDeploymentPostprocessing = 0;
			shellPath = /bin/sh;
			shellScript = "diff \"${PODS_ROOT}/../Podfile.lock\" \"${PODS_ROOT}/Manifest.lock\" > /dev/null\nif [[ $? != 0 ]] ; then\n    cat << EOM\nerror: The sandbox is not in sync with the Podfile.lock. Run 'pod install' or update your CocoaPods installation.\nEOM\n    exit 1\nfi\n";
			showEnvVarsInLog = 0;
		};
		E36DBA1D26269D4980C6242C /* Copy Pods Resources */ = {
			isa = PBXShellScriptBuildPhase;
			buildActionMask = 2147483647;
			files = (
			);
			inputPaths = (
			);
			name = "Copy Pods Resources";
			outputPaths = (
			);
			runOnlyForDeploymentPostprocessing = 0;
			shellPath = /bin/sh;
			shellScript = "\"${SRCROOT}/Pods/Target Support Files/Pods-Grocery Store ClientUITests/Pods-Grocery Store ClientUITests-resources.sh\"\n";
			showEnvVarsInLog = 0;
		};
		FFDE5CD736B1620B4AFF9A4B /* Copy Pods Resources */ = {
			isa = PBXShellScriptBuildPhase;
			buildActionMask = 2147483647;
			files = (
			);
			inputPaths = (
			);
			name = "Copy Pods Resources";
			outputPaths = (
			);
			runOnlyForDeploymentPostprocessing = 0;
			shellPath = /bin/sh;
			shellScript = "\"${SRCROOT}/Pods/Target Support Files/Pods/Pods-resources.sh\"\n";
			showEnvVarsInLog = 0;
		};
/* End PBXShellScriptBuildPhase section */

/* Begin PBXSourcesBuildPhase section */
		8442B1871B33712100148B8B /* Sources */ = {
			isa = PBXSourcesBuildPhase;
			buildActionMask = 2147483647;
			files = (
				84AB227D1B3B3D0400E596E2 /* GRSShoppingCart.m in Sources */,
				8400D79A1B38AE8000BDC306 /* GRSSyncUtility.m in Sources */,
				8442B1971B33712100148B8B /* AppDelegate.m in Sources */,
				8442B1941B33712100148B8B /* main.m in Sources */,
				840F0E441B39AC4F006181C6 /* GRSInventoryFetchedResultsDataSource.m in Sources */,
				8400D7851B385DBC00BDC306 /* Product.m in Sources */,
				842CDD401B34B0FB00BA1097 /* GRSInventoryListViewController.m in Sources */,
				84AB22801B3B4B1900E596E2 /* GRSShoppingCartViewController.m in Sources */,
				84F900C81B3A010C002B0F6D /* UIAlertController+Convenience.m in Sources */,
				840F0E411B39A76D006181C6 /* Product+GRSFindOrCreateNew.m in Sources */,
				842CDD431B34B8B900BA1097 /* GRSInventoryDetailViewController.m in Sources */,
				8400D7941B388DED00BDC306 /* GRSNetworkAPIUtility.m in Sources */,
				8442B1BE1B33712100148B8B /* GRSCoreDataUtility.m in Sources */,
				84F900CB1B3A07E5002B0F6D /* GRSHTTPSessionManager.m in Sources */,
				8442B1BB1B33712100148B8B /* Grocery_Store_Client.xcdatamodeld in Sources */,
				8400D7971B38A2DF00BDC306 /* Product+API_Interaction.m in Sources */,
			);
			runOnlyForDeploymentPostprocessing = 0;
		};
		8442B1C71B33712100148B8B /* Sources */ = {
			isa = PBXSourcesBuildPhase;
			buildActionMask = 2147483647;
			files = (
				84AB22781B3AFB3D00E596E2 /* GRSHTTPSessionManager+MockData.m in Sources */,
				8442B1D21B33712100148B8B /* Grocery_Store_ClientTests.m in Sources */,
			);
			runOnlyForDeploymentPostprocessing = 0;
		};
		8442B1D31B33712100148B8B /* Sources */ = {
			isa = PBXSourcesBuildPhase;
			buildActionMask = 2147483647;
			files = (
				8442B1DE1B33712100148B8B /* Grocery_Store_ClientUITests.m in Sources */,
			);
			runOnlyForDeploymentPostprocessing = 0;
		};
/* End PBXSourcesBuildPhase section */

/* Begin PBXTargetDependency section */
		8442B1CD1B33712100148B8B /* PBXTargetDependency */ = {
			isa = PBXTargetDependency;
			target = 8442B18D1B33712100148B8B /* Grocery Store Client */;
			targetProxy = 8442B1CC1B33712100148B8B /* PBXContainerItemProxy */;
		};
		8442B1D91B33712100148B8B /* PBXTargetDependency */ = {
			isa = PBXTargetDependency;
			target = 8442B18D1B33712100148B8B /* Grocery Store Client */;
			targetProxy = 8442B1D81B33712100148B8B /* PBXContainerItemProxy */;
		};
/* End PBXTargetDependency section */

/* Begin PBXVariantGroup section */
		8442B1BF1B33712100148B8B /* Main.storyboard */ = {
			isa = PBXVariantGroup;
			children = (
				8442B1C01B33712100148B8B /* Base */,
			);
			name = Main.storyboard;
			sourceTree = "<group>";
		};
		8442B1C41B33712100148B8B /* LaunchScreen.xib */ = {
			isa = PBXVariantGroup;
			children = (
				8442B1C51B33712100148B8B /* Base */,
			);
			name = LaunchScreen.xib;
			sourceTree = "<group>";
		};
/* End PBXVariantGroup section */

/* Begin XCBuildConfiguration section */
		8442B1DF1B33712100148B8B /* Debug */ = {
			isa = XCBuildConfiguration;
			buildSettings = {
				ALWAYS_SEARCH_USER_PATHS = NO;
				CLANG_CXX_LANGUAGE_STANDARD = "gnu++0x";
				CLANG_CXX_LIBRARY = "libc++";
				CLANG_ENABLE_MODULES = YES;
				CLANG_ENABLE_OBJC_ARC = YES;
				CLANG_WARN_BOOL_CONVERSION = YES;
				CLANG_WARN_CONSTANT_CONVERSION = YES;
				CLANG_WARN_DIRECT_OBJC_ISA_USAGE = YES_ERROR;
				CLANG_WARN_EMPTY_BODY = YES;
				CLANG_WARN_ENUM_CONVERSION = YES;
				CLANG_WARN_INT_CONVERSION = YES;
				CLANG_WARN_OBJC_ROOT_CLASS = YES_ERROR;
				CLANG_WARN_UNREACHABLE_CODE = YES;
				CLANG_WARN__DUPLICATE_METHOD_MATCH = YES;
				"CODE_SIGN_IDENTITY[sdk=iphoneos*]" = "iPhone Developer";
				COPY_PHASE_STRIP = NO;
				DEBUG_INFORMATION_FORMAT = "dwarf-with-dsym";
				ENABLE_STRICT_OBJC_MSGSEND = YES;
				GCC_C_LANGUAGE_STANDARD = gnu99;
				GCC_DYNAMIC_NO_PIC = NO;
				GCC_GENERATE_TEST_COVERAGE_FILES = YES;
				GCC_INSTRUMENT_PROGRAM_FLOW_ARCS = YES;
				GCC_NO_COMMON_BLOCKS = YES;
				GCC_OPTIMIZATION_LEVEL = 0;
				GCC_PREPROCESSOR_DEFINITIONS = (
					"DEBUG=1",
					"$(inherited)",
				);
				GCC_SYMBOLS_PRIVATE_EXTERN = NO;
				GCC_WARN_64_TO_32_BIT_CONVERSION = YES;
				GCC_WARN_ABOUT_RETURN_TYPE = YES_ERROR;
				GCC_WARN_UNDECLARED_SELECTOR = YES;
				GCC_WARN_UNINITIALIZED_AUTOS = YES_AGGRESSIVE;
				GCC_WARN_UNUSED_FUNCTION = YES;
				GCC_WARN_UNUSED_VARIABLE = YES;
				IPHONEOS_DEPLOYMENT_TARGET = 8.3;
				MTL_ENABLE_DEBUG_INFO = YES;
				ONLY_ACTIVE_ARCH = YES;
				SDKROOT = iphoneos;
			};
			name = Debug;
		};
		8442B1E01B33712100148B8B /* Release */ = {
			isa = XCBuildConfiguration;
			buildSettings = {
				ALWAYS_SEARCH_USER_PATHS = NO;
				CLANG_CXX_LANGUAGE_STANDARD = "gnu++0x";
				CLANG_CXX_LIBRARY = "libc++";
				CLANG_ENABLE_MODULES = YES;
				CLANG_ENABLE_OBJC_ARC = YES;
				CLANG_WARN_BOOL_CONVERSION = YES;
				CLANG_WARN_CONSTANT_CONVERSION = YES;
				CLANG_WARN_DIRECT_OBJC_ISA_USAGE = YES_ERROR;
				CLANG_WARN_EMPTY_BODY = YES;
				CLANG_WARN_ENUM_CONVERSION = YES;
				CLANG_WARN_INT_CONVERSION = YES;
				CLANG_WARN_OBJC_ROOT_CLASS = YES_ERROR;
				CLANG_WARN_UNREACHABLE_CODE = YES;
				CLANG_WARN__DUPLICATE_METHOD_MATCH = YES;
				"CODE_SIGN_IDENTITY[sdk=iphoneos*]" = "iPhone Developer";
				COPY_PHASE_STRIP = NO;
				DEBUG_INFORMATION_FORMAT = "dwarf-with-dsym";
				ENABLE_NS_ASSERTIONS = NO;
				ENABLE_STRICT_OBJC_MSGSEND = YES;
				GCC_C_LANGUAGE_STANDARD = gnu99;
				GCC_NO_COMMON_BLOCKS = YES;
				GCC_WARN_64_TO_32_BIT_CONVERSION = YES;
				GCC_WARN_ABOUT_RETURN_TYPE = YES_ERROR;
				GCC_WARN_UNDECLARED_SELECTOR = YES;
				GCC_WARN_UNINITIALIZED_AUTOS = YES_AGGRESSIVE;
				GCC_WARN_UNUSED_FUNCTION = YES;
				GCC_WARN_UNUSED_VARIABLE = YES;
				IPHONEOS_DEPLOYMENT_TARGET = 8.3;
				MTL_ENABLE_DEBUG_INFO = NO;
				SDKROOT = iphoneos;
				VALIDATE_PRODUCT = YES;
			};
			name = Release;
		};
		8442B1E21B33712100148B8B /* Debug */ = {
			isa = XCBuildConfiguration;
			baseConfigurationReference = 17FB985FF00BB3E911644DDD /* Pods.debug.xcconfig */;
			buildSettings = {
				ASSETCATALOG_COMPILER_APPICON_NAME = AppIcon;
				GCC_PRECOMPILE_PREFIX_HEADER = YES;
				GCC_PREFIX_HEADER = "Grocery Store Client/Prefix.pch";
				INFOPLIST_FILE = "Grocery Store Client/Info.plist";
				LD_RUNPATH_SEARCH_PATHS = "$(inherited) @executable_path/Frameworks";
				PRODUCT_NAME = "$(TARGET_NAME)";
			};
			name = Debug;
		};
		8442B1E31B33712100148B8B /* Release */ = {
			isa = XCBuildConfiguration;
			baseConfigurationReference = 2FB7A672E052B54CEB5BD79E /* Pods.release.xcconfig */;
			buildSettings = {
				ASSETCATALOG_COMPILER_APPICON_NAME = AppIcon;
				GCC_PRECOMPILE_PREFIX_HEADER = YES;
				GCC_PREFIX_HEADER = "Grocery Store Client/Prefix.pch";
				INFOPLIST_FILE = "Grocery Store Client/Info.plist";
				LD_RUNPATH_SEARCH_PATHS = "$(inherited) @executable_path/Frameworks";
				PRODUCT_NAME = "$(TARGET_NAME)";
			};
			name = Release;
		};
		8442B1E51B33712100148B8B /* Debug */ = {
			isa = XCBuildConfiguration;
			baseConfigurationReference = 9983F69C2E77FDB73E05B371 /* Pods-Grocery Store ClientTests.debug.xcconfig */;
			buildSettings = {
				BUNDLE_LOADER = "$(TEST_HOST)";
				FRAMEWORK_SEARCH_PATHS = (
					"$(SDKROOT)/Developer/Library/Frameworks",
					"$(inherited)",
				);
				GCC_PREPROCESSOR_DEFINITIONS = (
					"DEBUG=1",
					"$(inherited)",
				);
				INFOPLIST_FILE = "Grocery Store ClientTests/Info.plist";
				LD_RUNPATH_SEARCH_PATHS = "$(inherited) @executable_path/Frameworks @loader_path/Frameworks";
				PRODUCT_NAME = "$(TARGET_NAME)";
				TEST_HOST = "$(BUILT_PRODUCTS_DIR)/Grocery Store Client.app/Grocery Store Client";
			};
			name = Debug;
		};
		8442B1E61B33712100148B8B /* Release */ = {
			isa = XCBuildConfiguration;
			baseConfigurationReference = D745661F36634ECB96317FFC /* Pods-Grocery Store ClientTests.release.xcconfig */;
			buildSettings = {
				BUNDLE_LOADER = "$(TEST_HOST)";
				FRAMEWORK_SEARCH_PATHS = (
					"$(SDKROOT)/Developer/Library/Frameworks",
					"$(inherited)",
				);
				INFOPLIST_FILE = "Grocery Store ClientTests/Info.plist";
				LD_RUNPATH_SEARCH_PATHS = "$(inherited) @executable_path/Frameworks @loader_path/Frameworks";
				PRODUCT_NAME = "$(TARGET_NAME)";
				TEST_HOST = "$(BUILT_PRODUCTS_DIR)/Grocery Store Client.app/Grocery Store Client";
			};
			name = Release;
		};
		8442B1E81B33712100148B8B /* Debug */ = {
			isa = XCBuildConfiguration;
			baseConfigurationReference = C29C4002BDC01B35F35EDA57 /* Pods-Grocery Store ClientUITests.debug.xcconfig */;
			buildSettings = {
				BUNDLE_LOADER = "$(TEST_HOST)";
				FRAMEWORK_SEARCH_PATHS = (
					"$(SDKROOT)/Developer/Library/Frameworks",
					"$(inherited)",
				);
				GCC_PREPROCESSOR_DEFINITIONS = (
					"DEBUG=1",
					"$(inherited)",
				);
				INFOPLIST_FILE = "Grocery Store ClientUITests/Info.plist";
				LD_RUNPATH_SEARCH_PATHS = "$(inherited) @executable_path/Frameworks @loader_path/Frameworks";
				PRODUCT_NAME = "$(TARGET_NAME)";
				TEST_HOST = "$(BUILT_PRODUCTS_DIR)/Grocery Store Client.app/Grocery Store Client";
			};
			name = Debug;
		};
		8442B1E91B33712100148B8B /* Release */ = {
			isa = XCBuildConfiguration;
			baseConfigurationReference = 5151A7052E71152B91906DB2 /* Pods-Grocery Store ClientUITests.release.xcconfig */;
			buildSettings = {
				BUNDLE_LOADER = "$(TEST_HOST)";
				FRAMEWORK_SEARCH_PATHS = (
					"$(SDKROOT)/Developer/Library/Frameworks",
					"$(inherited)",
				);
				INFOPLIST_FILE = "Grocery Store ClientUITests/Info.plist";
				LD_RUNPATH_SEARCH_PATHS = "$(inherited) @executable_path/Frameworks @loader_path/Frameworks";
				PRODUCT_NAME = "$(TARGET_NAME)";
				TEST_HOST = "$(BUILT_PRODUCTS_DIR)/Grocery Store Client.app/Grocery Store Client";
			};
			name = Release;
		};
/* End XCBuildConfiguration section */

/* Begin XCConfigurationList section */
		8442B1861B33712100148B8B /* Build configuration list for PBXProject "Grocery Store Client" */ = {
			isa = XCConfigurationList;
			buildConfigurations = (
				8442B1DF1B33712100148B8B /* Debug */,
				8442B1E01B33712100148B8B /* Release */,
			);
			defaultConfigurationIsVisible = 0;
			defaultConfigurationName = Release;
		};
		8442B1E11B33712100148B8B /* Build configuration list for PBXNativeTarget "Grocery Store Client" */ = {
			isa = XCConfigurationList;
			buildConfigurations = (
				8442B1E21B33712100148B8B /* Debug */,
				8442B1E31B33712100148B8B /* Release */,
			);
			defaultConfigurationIsVisible = 0;
			defaultConfigurationName = Release;
		};
		8442B1E41B33712100148B8B /* Build configuration list for PBXNativeTarget "Grocery Store ClientTests" */ = {
			isa = XCConfigurationList;
			buildConfigurations = (
				8442B1E51B33712100148B8B /* Debug */,
				8442B1E61B33712100148B8B /* Release */,
			);
			defaultConfigurationIsVisible = 0;
			defaultConfigurationName = Release;
		};
		8442B1E71B33712100148B8B /* Build configuration list for PBXNativeTarget "Grocery Store ClientUITests" */ = {
			isa = XCConfigurationList;
			buildConfigurations = (
				8442B1E81B33712100148B8B /* Debug */,
				8442B1E91B33712100148B8B /* Release */,
			);
			defaultConfigurationIsVisible = 0;
			defaultConfigurationName = Release;
		};
/* End XCConfigurationList section */

/* Begin XCVersionGroup section */
		8442B1B91B33712100148B8B /* Grocery_Store_Client.xcdatamodeld */ = {
			isa = XCVersionGroup;
			children = (
				8442B1BA1B33712100148B8B /* Grocery_Store_Client.xcdatamodel */,
			);
			currentVersion = 8442B1BA1B33712100148B8B /* Grocery_Store_Client.xcdatamodel */;
			name = Grocery_Store_Client.xcdatamodeld;
			path = CoreDataAndModels/Grocery_Store_Client.xcdatamodeld;
			sourceTree = "<group>";
			versionGroupType = wrapper.xcdatamodel;
		};
/* End XCVersionGroup section */
	};
	rootObject = 8442B1831B33712100148B8B /* Project object */;
}
